{
  "name": "weather",
  "version": "1.0.0",
  "lockfileVersion": 2,
  "requires": true,
  "packages": {
    "": {
      "name": "weather",
      "version": "1.0.0",
      "license": "ISC",
      "dependencies": {
        "@fortawesome/fontawesome-free": "^5.15.4",
        "@fullcalendar/bootstrap": "^5.9.0",
        "@fullcalendar/core": "^5.9.0",
        "bootstrap": "^5.1.0",
        "fullcalendar": "^5.9.0"
      }
    },
    "node_modules/@fortawesome/fontawesome-free": {
      "version": "5.15.4",
      "resolved": "https://registry.npmjs.org/@fortawesome/fontawesome-free/-/fontawesome-free-5.15.4.tgz",
      "integrity": "sha512-eYm8vijH/hpzr/6/1CJ/V/Eb1xQFW2nnUKArb3z+yUWv7HTwj6M7SP957oMjfZjAHU6qpoNc2wQvIxBLWYa/Jg==",
      "hasInstallScript": true,
      "engines": {
        "node": ">=6"
      }
    },
    "node_modules/@fullcalendar/bootstrap": {
      "version": "5.9.0",
      "resolved": "https://registry.npmjs.org/@fullcalendar/bootstrap/-/bootstrap-5.9.0.tgz",
      "integrity": "sha512-SOWHWi9K2SGM4MTipYrXmyuz/aoeDbTscossLIJlXecC88RXexww2MBYyexorTR3+/q6Q6ZyPpD/UdOnJLXoRA==",
      "dependencies": {
        "@fullcalendar/common": "~5.9.0",
        "tslib": "^2.1.0"
      }
    },
    "node_modules/@fullcalendar/common": {
      "version": "5.9.0",
      "resolved": "https://registry.npmjs.org/@fullcalendar/common/-/common-5.9.0.tgz",
      "integrity": "sha512-wfUDRg53gzUU7Ng1wqjvvM2ncFx+5PiyCq5k2KjEbMourv7m4Zw6B3xlhpQbfUv3WOnbJgwLLNLFEMcsEJpXBQ==",
      "dependencies": {
        "tslib": "^2.1.0"
      }
    },
    "node_modules/@fullcalendar/core": {
      "version": "5.9.0",
      "resolved": "https://registry.npmjs.org/@fullcalendar/core/-/core-5.9.0.tgz",
      "integrity": "sha512-3+zSm8ykXqM2vEGYp4P/BEoR2TB0W9mN6zBGZ6SY9y0nC+Fc0+ZXJmFlYmrEYSdO4kmREnlxntkp1+o9mu8PIQ==",
      "dependencies": {
        "@fullcalendar/common": "~5.9.0",
        "preact": "^10.0.5",
        "tslib": "^2.1.0"
      }
    },
    "node_modules/@popperjs/core": {
      "version": "2.9.3",
      "resolved": "https://registry.npmjs.org/@popperjs/core/-/core-2.9.3.tgz",
      "integrity": "sha512-xDu17cEfh7Kid/d95kB6tZsLOmSWKCZKtprnhVepjsSaCij+lM3mItSJDuuHDMbCWTh8Ejmebwb+KONcCJ0eXQ==",
      "peer": true,
      "funding": {
        "type": "opencollective",
        "url": "https://opencollective.com/popperjs"
      }
    },
    "node_modules/bootstrap": {
      "version": "5.1.0",
      "resolved": "https://registry.npmjs.org/bootstrap/-/bootstrap-5.1.0.tgz",
      "integrity": "sha512-bs74WNI9BgBo3cEovmdMHikSKoXnDgA6VQjJ7TyTotU6L7d41ZyCEEelPwkYEzsG/Zjv3ie9IE3EMAje0W9Xew==",
      "funding": {
        "type": "opencollective",
        "url": "https://opencollective.com/bootstrap"
      },
      "peerDependencies": {
        "@popperjs/core": "^2.9.3"
      }
    },
    "node_modules/fullcalendar": {
      "version": "5.9.0",
      "resolved": "https://registry.npmjs.org/fullcalendar/-/fullcalendar-5.9.0.tgz",
      "integrity": "sha512-kUfkWov2YQFemafgL0x9ogx2TPmgZze/VsWYvmajgr+bmoVY28XXErQ3MGfgWbM18QWdmvBIVhJCGY81MdbL+w=="
    },
    "node_modules/preact": {
      "version": "10.5.14",
      "resolved": "https://registry.npmjs.org/preact/-/preact-10.5.14.tgz",
      "integrity": "sha512-KojoltCrshZ099ksUZ2OQKfbH66uquFoxHSbnwKbTJHeQNvx42EmC7wQVWNuDt6vC5s3nudRHFtKbpY4ijKlaQ==",
      "funding": {
        "type": "opencollective",
        "url": "https://opencollective.com/preact"
      }
    },
    "node_modules/tslib": {
      "version": "2.3.1",
      "resolved": "https://registry.npmjs.org/tslib/-/tslib-2.3.1.tgz",
      "integrity": "sha512-77EbyPPpMz+FRFRuAFlWMtmgUWGe9UOG2Z25NqCwiIjRhOf5iKGuzSe5P2w1laq+FkRy4p+PCuVkJSGkzTEKVw=="
    }
  },
  "dependencies": {
    "@fortawesome/fontawesome-free": {
      "version": "5.15.4",
      "resolved": "https://registry.npmjs.org/@fortawesome/fontawesome-free/-/fontawesome-free-5.15.4.tgz",
      "integrity": "sha512-eYm8vijH/hpzr/6/1CJ/V/Eb1xQFW2nnUKArb3z+yUWv7HTwj6M7SP957oMjfZjAHU6qpoNc2wQvIxBLWYa/Jg=="
    },
    "@fullcalendar/bootstrap": {
      "version": "5.9.0",
      "resolved": "https://registry.npmjs.org/@fullcalendar/bootstrap/-/bootstrap-5.9.0.tgz",
      "integrity": "sha512-SOWHWi9K2SGM4MTipYrXmyuz/aoeDbTscossLIJlXecC88RXexww2MBYyexorTR3+/q6Q6ZyPpD/UdOnJLXoRA==",
      "requires": {
        "@fullcalendar/common": "~5.9.0",
        "tslib": "^2.1.0"
      }
    },
    "@fullcalendar/common": {
      "version": "5.9.0",
      "resolved": "https://registry.npmjs.org/@fullcalendar/common/-/common-5.9.0.tgz",
      "integrity": "sha512-wfUDRg53gzUU7Ng1wqjvvM2ncFx+5PiyCq5k2KjEbMourv7m4Zw6B3xlhpQbfUv3WOnbJgwLLNLFEMcsEJpXBQ==",
      "requires": {
        "tslib": "^2.1.0"
      }
    },
    "@fullcalendar/core": {
      "version": "5.9.0",
      "resolved": "https://registry.npmjs.org/@fullcalendar/core/-/core-5.9.0.tgz",
      "integrity": "sha512-3+zSm8ykXqM2vEGYp4P/BEoR2TB0W9mN6zBGZ6SY9y0nC+Fc0+ZXJmFlYmrEYSdO4kmREnlxntkp1+o9mu8PIQ==",
      "requires": {
        "@fullcalendar/common": "~5.9.0",
        "preact": "^10.0.5",
        "tslib": "^2.1.0"
      }
    },
    "@popperjs/core": {
      "version": "2.9.3",
      "resolved": "https://registry.npmjs.org/@popperjs/core/-/core-2.9.3.tgz",
      "integrity": "sha512-xDu17cEfh7Kid/d95kB6tZsLOmSWKCZKtprnhVepjsSaCij+lM3mItSJDuuHDMbCWTh8Ejmebwb+KONcCJ0eXQ==",
      "peer": true
    },
    "bootstrap": {
      "version": "5.1.0",
      "resolved": "https://registry.npmjs.org/bootstrap/-/bootstrap-5.1.0.tgz",
      "integrity": "sha512-bs74WNI9BgBo3cEovmdMHikSKoXnDgA6VQjJ7TyTotU6L7d41ZyCEEelPwkYEzsG/Zjv3ie9IE3EMAje0W9Xew==",
      "requires": {}
    },
    "fullcalendar": {
      "version": "5.9.0",
      "resolved": "https://registry.npmjs.org/fullcalendar/-/fullcalendar-5.9.0.tgz",
      "integrity": "sha512-kUfkWov2YQFemafgL0x9ogx2TPmgZze/VsWYvmajgr+bmoVY28XXErQ3MGfgWbM18QWdmvBIVhJCGY81MdbL+w=="
    },
    "preact": {
      "version": "10.5.14",
      "resolved": "https://registry.npmjs.org/preact/-/preact-10.5.14.tgz",
      "integrity": "sha512-KojoltCrshZ099ksUZ2OQKfbH66uquFoxHSbnwKbTJHeQNvx42EmC7wQVWNuDt6vC5s3nudRHFtKbpY4ijKlaQ=="
    },
    "tslib": {
      "version": "2.3.1",
      "resolved": "https://registry.npmjs.org/tslib/-/tslib-2.3.1.tgz",
      "integrity": "sha512-77EbyPPpMz+FRFRuAFlWMtmgUWGe9UOG2Z25NqCwiIjRhOf5iKGuzSe5P2w1laq+FkRy4p+PCuVkJSGkzTEKVw=="
    }
  }
}
